
Microsoft Visual Studio Solution File, Format Version 12.00
# Visual Studio 15
VisualStudioVersion = 15.0.27703.2026
MinimumVisualStudioVersion = 10.0.40219.1
Project("{FAE04EC0-301F-11D3-BF4B-00C04F79EFBC}") = "DMS_Email_Manager", "DMS_Email_Manager.csproj", "{FED59C45-7E5A-4E9F-9AC2-F2BAF8F089B3}"
EndProject
Global
	GlobalSection(SolutionConfigurationPlatforms) = preSolution
		Debug|Any CPU = Debug|Any CPU
		Release|Any CPU = Release|Any CPU
	EndGlobalSection
	GlobalSection(ProjectConfigurationPlatforms) = postSolution
		{FED59C45-7E5A-4E9F-9AC2-F2BAF8F089B3}.Debug|Any CPU.ActiveCfg = Debug|Any CPU
		{FED59C45-7E5A-4E9F-9AC2-F2BAF8F089B3}.Debug|Any CPU.Build.0 = Debug|Any CPU
		{FED59C45-7E5A-4E9F-9AC2-F2BAF8F089B3}.Release|Any CPU.ActiveCfg = Release|Any CPU
		{FED59C45-7E5A-4E9F-9AC2-F2BAF8F089B3}.Release|Any CPU.Build.0 = Release|Any CPU
	EndGlobalSection
	GlobalSection(SolutionProperties) = preSolution
		HideSolutionNode = FALSE
	EndGlobalSection
	GlobalSection(ExtensibilityGlobals) = postSolution
		SolutionGuid = {04A7604F-7B8A-49CE-8F9A-A4CDB8518277}
	EndGlobalSection
EndGlobal
